{
  "version": 4,
  "terraform_version": "0.14.6",
  "serial": 8,
  "lineage": "ae477a3d-a685-f67a-01eb-39b429c8fe0d",
  "outputs": {
    "masters": {
      "value": {
        "c1m1": "192.168.2.78",
        "c1m2": "192.168.2.88",
        "c1m3": "192.168.2.92"
      },
      "type": [
        "object",
        {
          "c1m1": "string",
          "c1m2": "string",
          "c1m3": "string"
        }
      ]
    },
    "workers": {
      "value": {
        "c1w1": "192.168.2.121",
        "c1w2": "192.168.2.100",
        "c1w3": "192.168.2.67"
      },
      "type": [
        "object",
        {
          "c1w1": "string",
          "c1w2": "string",
          "c1w3": "string"
        }
      ]
    }
  },
  "resources": [
    {
      "mode": "managed",
      "type": "esxi_guest",
      "name": "masters",
      "provider": "provider[\"registry.terraform.io/josenk/esxi\"]",
      "instances": [
        {
          "index_key": 0,
          "schema_version": 0,
          "attributes": {
            "boot_disk_size": null,
            "boot_disk_type": "thin",
            "clone_from_vm": null,
            "disk_store": "internal_hdd",
            "guest_name": "c1m1",
            "guest_shutdown_timeout": 30,
            "guest_startup_timeout": 45,
            "guestinfo": {
              "metadata": "H4sIAAAAAAAA/zTMQQoCMRQD0H1PkbUwixFXvU35E2hxmkr/R/H2ItZd8gJp8igybu3IsL3v6RxWzq0OD5XOhWK8xrznBDw5vQ1lXBPAqJxi+HcB1GwloJew+i/A74zyy6Kj2uOW8aanDwAAAP//AQAA//+j9QoMhQAAAA==",
              "metadata.encoding": "gzip+base64",
              "userdata": "H4sIAAAAAAAA/5RSTW/bMAy9+1cQyaH7gOO4bZrUQIG5X0GLLBnadMGKoYUs0bYaWXJFqVny6wfbW9fDDpsvpsRH8r1H9bkyXoTc6FwWgSe0lAQAIQjMmVeujTWrMIG13W0pAACorayY3T4W1vj6bYKoDJl3pbFyhyJc47bt1nxhm0SxPxrFx5CmaXp2MN+xs1jdn1/F8+XFqLm7mj1PdsvVmp9f8SJ6OvPy+Oj0zl3a1VM+HU8rPj+c7OtnP/xG17DesAwtreWnwjMrmEY30Oj+b+Dlajo93l3qjMzWHHyd398v6o/Xn5W5+bEeL0p+J0bFJN8/5MYDZ1ZokwyHw6M4Hh/E49Gkk+2FSSCdzU7epbPZe5gvvqS3t6vzJJ3NWkBrFCUtsKsoUakEokzqKGNUBtZrXonOekIBoYQ9ih4GH3w8qaSWLor2IELHo9KQoxbXRM1quFNA6MLfZ+BxFQd9UOjAIqGDivFSagylAGeAXAley2ePQFJzhA0CswiZl0pIXYDJgQFXRmM7x1YQ5t3wP426R5J5Cr2XokANYYiavMWTvyFtBdELs5GSWdRU/VOnoA+5sbD2GVqNDqlhupFKgUZspQhJLFMItGF1592G1SbPIXyBqIkHsiremhoi9Ch6+N4mo/6vf9Hr5OXkWPbK97U+l5qpxwqJWIEJ9JYlAm3JYQWSoLZY1yiAadGRu7k4XSyWMF+sBoPBoBfUZoP2kRxz2CzYyQqNdwnEwwCgMgITsJgZ44KfAAAA//8BAAD//wPZGhCOAwAA",
              "userdata.encoding": "gzip+base64"
            },
            "guestos": "ubuntu-64",
            "host_ovf": null,
            "id": "167",
            "ip_address": "192.168.2.78",
            "memsize": "2048",
            "network_interfaces": [
              {
                "mac_address": "",
                "nic_type": "vmxnet3",
                "virtual_network": "CORP"
              }
            ],
            "notes": "",
            "numvcpus": "2",
            "ovf_properties": [],
            "ovf_properties_timer": 0,
            "ovf_source": "U18MiniT-no-ci-net.ova",
            "power": "on",
            "resource_pool_name": "/",
            "virthwver": "13",
            "virtual_disks": []
          },
          "sensitive_attributes": [],
          "private": "bnVsbA=="
        },
        {
          "index_key": 1,
          "schema_version": 0,
          "attributes": {
            "boot_disk_size": null,
            "boot_disk_type": "thin",
            "clone_from_vm": null,
            "disk_store": "internal_hdd",
            "guest_name": "c1m2",
            "guest_shutdown_timeout": 30,
            "guest_startup_timeout": 45,
            "guestinfo": {
              "metadata": "H4sIAAAAAAAA/zTMQQoCMRQD0H1PkbUwCwdXvU35E2hxmkr/R/H2ItZd8gJp8igybu3IsGvf0zmsnFsdHiqdC8V4jXnPCXhyehvK2BPAqJxi+HcB1GwloJew+i/A74zyy6Kj2uOW8aanDwAAAP//AQAA//+RdXCehQAAAA==",
              "metadata.encoding": "gzip+base64",
              "userdata": "H4sIAAAAAAAA/5RST2/bPgy9+1MQyaG/P3Acp02TGigw91/QIkuGNl2wYmghS7StRpZcUWqWfPrB9tb1sMPmiynxkXzvUX2ujBchNzqXReAJLSUBQAgCc+aVa2PNKkxgY/c7CgAAaisrZndPhTW+fp8gKkPmXWms3KMIN7hruzVf2CZRjMbj+ATSNE3PDxd7dh6rh4vreLG6HDd31/OX6X613vCLa15Ez+denhyf3bsru37OZ5NZxRdH05F+8cMvdAObLcvQ0kZ+KDyzgml0A43u7wZerWezk/2VzsjszOHnxcPDsv7/5qMyt982k2XJ78W4mOajI248cGaFNslwODyO48lhPBlPO9lemATS+fz0n3Q+/xcWy0/p3d36Iknn8xbQGkVJC+wqSlQqgSiTOsoYlYH1mleis55QQCjhgKLHwX8+nlZSSxdFBxCh41FpyFGLa6JmNdwpIHThzzPwuBoFfVDowCKhg4rxUmoMpQBngFwJXssXj0BSc4QtArMImZdKSF2AyYEBV0ZjO8dWEObd8F+NukeSeQq9l6JADWGImrzF098hbQXRK7ORklnUVP1Rp6APubGw8RlajQ6pYbqVSoFGbKUISSxTCLRldefdltUmzyF8haiJB7Iq3psaIvQoevzaJqP+j3/R6+Tl5Fj2xvetPpeaqacKiViBCfRWJQLtyGEFkqC2WNcogGnRkbu9PFsuV7BYrgeDwaAX1GaL9okcc9gs2MkKjXcJxMMAoDICE7CYGeOC7wAAAP//AQAA//8PrCRyjgMAAA==",
              "userdata.encoding": "gzip+base64"
            },
            "guestos": "ubuntu-64",
            "host_ovf": null,
            "id": "164",
            "ip_address": "192.168.2.88",
            "memsize": "2048",
            "network_interfaces": [
              {
                "mac_address": "",
                "nic_type": "vmxnet3",
                "virtual_network": "CORP"
              }
            ],
            "notes": "",
            "numvcpus": "2",
            "ovf_properties": [],
            "ovf_properties_timer": 0,
            "ovf_source": "U18MiniT-no-ci-net.ova",
            "power": "on",
            "resource_pool_name": "/",
            "virthwver": "13",
            "virtual_disks": []
          },
          "sensitive_attributes": [],
          "private": "bnVsbA=="
        },
        {
          "index_key": 2,
          "schema_version": 0,
          "attributes": {
            "boot_disk_size": null,
            "boot_disk_type": "thin",
            "clone_from_vm": null,
            "disk_store": "internal_hdd",
            "guest_name": "c1m3",
            "guest_shutdown_timeout": 30,
            "guest_startup_timeout": 45,
            "guestinfo": {
              "metadata": "H4sIAAAAAAAA/zTMTQoCMRQD4H1PkbUwC39WvU15E2hxmkrfQ/H2ItZd8gXS5FFk3NqeYed+Tcewcmx1eKh0LhTjNeY9J+DJ6W0o45IARuUUw78LoGYrAb2E1X8BfmeUnxbt1R63jDc9fQAAAP//AQAA//9/CqbvhQAAAA==",
              "metadata.encoding": "gzip+base64",
              "userdata": "H4sIAAAAAAAA/5RST2/bPgy9+1MQyaG/P3AcN02TGigw91/QIkuGNl2wYmghS7StRpZcUWqWfPrB9tb1sMPmiynxkXzvUX2ujBchNzqXReAJLSUBQAgCc+aVa2PNKkxgY/c7CgAAaisrZndPhTW+fp8gKkPmXWms3KMIN7hruzVf2CZRHI7H8QmkaZqejxZ7dh6rh4vreLG6HDd31/OX6X613vCLa15Ez+denhyf3bsru37OZ5NZxRdH00P94odf6AY2W5ahpY38UHhmBdPoBhrd3w28Ws9mJ/srnZHZmdHnxcPDsv7/5qMyt982k2XJ78W4mOaHR9x44MwKbZLhcHgcx5NRPBlPO9lemATS+fz0n3Q+/xcWy0/p3d36Iknn8xbQGkVJC+wqSlQqgSiTOsoYlYH1mleis55QQCjhgKLHwX8+nlZSSxdFBxCh41FpyFGLa6JmNdwpIHThzzPwuBoFfVDowCKhg4rxUmoMpQBngFwJXssXj0BSc4QtArMImZdKSF2AyYEBV0ZjO8dWEObd8F+NukeSeQq9l6JADWGImrzF098hbQXRK7ORklnUVP1Rp6APubGw8RlajQ6pYbqVSoFGbKUISSxTCLRldefdltUmzyF8haiJB7Iq3psaIvQoevzaJqP+j3/R6+Tl5Fj2xvetPpeaqacKiViBCfRWJQLtyGEFkqC2WNcogGnRkbu9PFsuV7BYrgeDwaAX1GaL9okcc9gs2MkKjXcJxMMAoDICE7CYGeOC7wAAAP//AQAA//80fR7ljgMAAA==",
              "userdata.encoding": "gzip+base64"
            },
            "guestos": "ubuntu-64",
            "host_ovf": null,
            "id": "168",
            "ip_address": "192.168.2.92",
            "memsize": "2048",
            "network_interfaces": [
              {
                "mac_address": "",
                "nic_type": "vmxnet3",
                "virtual_network": "CORP"
              }
            ],
            "notes": "",
            "numvcpus": "2",
            "ovf_properties": [],
            "ovf_properties_timer": 0,
            "ovf_source": "U18MiniT-no-ci-net.ova",
            "power": "on",
            "resource_pool_name": "/",
            "virthwver": "13",
            "virtual_disks": []
          },
          "sensitive_attributes": [],
          "private": "bnVsbA=="
        }
      ]
    },
    {
      "mode": "managed",
      "type": "esxi_guest",
      "name": "workers",
      "provider": "provider[\"registry.terraform.io/josenk/esxi\"]",
      "instances": [
        {
          "index_key": 0,
          "schema_version": 0,
          "attributes": {
            "boot_disk_size": null,
            "boot_disk_type": "thin",
            "clone_from_vm": null,
            "disk_store": "internal_hdd",
            "guest_name": "c1w1",
            "guest_shutdown_timeout": 30,
            "guest_startup_timeout": 45,
            "guestinfo": {
              "metadata": "H4sIAAAAAAAA/zTMMQrDMBQD0N2n0FzIkNLJtzE/ApsmcvH/NPT2pdTZpCdQk0eRcWlbhq3nmvZuZV9q91A5OFGMs49nTsCbw1tXxj0BjMohhv8WQM1mAo4SVq8C/M8ov03aqr0eGR96+gIAAP//AQAA///mgBB3hQAAAA==",
              "metadata.encoding": "gzip+base64",
              "userdata": "H4sIAAAAAAAA/5RSTW/bMAy9+1cQyaH7gOO4bZrUQIG5X0GLLBnadMGKoYUs0bYaWXJFqVny6wfbW9fDDpsvpsRH8r1H9bkyXoTc6FwWgSe0lAQAIQjMmVeujTWrMIG13W0pAACorayY3T4W1vj6bYKoDJl3pbFyhyJc47bt1nxhm0SxPxrFx5CmaXp2MN+xs1jdn1/F8+XFqLm7mj1PdsvVmp9f8SJ6OvPy+Oj0zl3a1VM+HU8rPj+c7OtnP/xG17DesAwtreWnwjMrmEY30Oj+b+Dlajo93l3qjMzWHHyd398v6o/Xn5W5+bEeL0p+J0bFJN8/5MYDZ1ZokwyHw6M4Hh/E49Gkk+2FSSCdzU7epbPZe5gvvqS3t6vzJJ3NWkBrFCUtsKsoUakEokzqKGNUBtZrXonOekIBoYQ9ih4GH3w8qaSWLor2IELHo9KQoxbXRM1quFNA6MLfZ+DxJg76oNCBRUIHFeOl1BhKAc4AuRK8ls8egaTmCBsEZhEyL5WQugCTAwOujMZ2jq0gzLvhfxp1jyTzFHovRYEawhA1eYsnf0PaCqIXZiMls6ip+qdOQR9yY2HtM7QaHVLDdCOVAo3YShGSWKYQaMPqzrsNq02eQ/gCURMPZFW8NTVE6FH08L1NRv1f/6LXycvJseyV72t9LjVTjxUSsQIT6C1LBNqSwwokQW2xrlEA06Ijd3NxulgsYb5YDQaDQS+ozQbtIznmsFmwkxUa7xKIhwFAZQQmYDEzxgU/AQAA//8BAAD//1jq8eaOAwAA",
              "userdata.encoding": "gzip+base64"
            },
            "guestos": "ubuntu-64",
            "host_ovf": null,
            "id": "165",
            "ip_address": "192.168.2.121",
            "memsize": "4096",
            "network_interfaces": [
              {
                "mac_address": "",
                "nic_type": "vmxnet3",
                "virtual_network": "CORP"
              }
            ],
            "notes": "",
            "numvcpus": "2",
            "ovf_properties": [],
            "ovf_properties_timer": 0,
            "ovf_source": "U18MiniT-no-ci-net.ova",
            "power": "on",
            "resource_pool_name": "/",
            "virthwver": "13",
            "virtual_disks": []
          },
          "sensitive_attributes": [],
          "private": "bnVsbA=="
        },
        {
          "index_key": 1,
          "schema_version": 0,
          "attributes": {
            "boot_disk_size": null,
            "boot_disk_type": "thin",
            "clone_from_vm": null,
            "disk_store": "internal_hdd",
            "guest_name": "c1w2",
            "guest_shutdown_timeout": 30,
            "guest_startup_timeout": 45,
            "guestinfo": {
              "metadata": "H4sIAAAAAAAA/zTMMQrDMBQD0N2n0FzI0NDJtzE/ApsmcvH/NPT2pdTZpCdQk0eRcWlbht3PNe3dyr7U7qFycKIYZx/PnIA3h7eujDUBjMohhv8WQM1mAo4SVq8C/M8ov03aqr0eGR96+gIAAP//AQAA///UAGrlhQAAAA==",
              "metadata.encoding": "gzip+base64",
              "userdata": "H4sIAAAAAAAA/5RST2/bPgy9+1MQyaG/P3Acp02TGigw91/QIkuGNl2wYmghS7StRpZcUWqWfPrB9tb1sMPmiynxkXzvUX2ujBchNzqXReAJLSUBQAgCc+aVa2PNKkxgY/c7CgAAaisrZndPhTW+fp8gKkPmXWms3KMIN7hruzVf2CZRjMbj+ATSNE3PDxd7dh6rh4vreLG6HDd31/OX6X613vCLa15Ez+denhyf3bsru37OZ5NZxRdH05F+8cMvdAObLcvQ0kZ+KDyzgml0A43u7wZerWezk/2VzsjszOHnxcPDsv7/5qMyt982k2XJ78W4mOajI248cGaFNslwODyO48lhPBlPO9lemATS+fz0n3Q+/xcWy0/p3d36Iknn8xbQGkVJC+wqSlQqgSiTOsoYlYH1mleis55QQCjhgKLHwX8+nlZSSxdFBxCh41FpyFGLa6JmNdwpIHThzzPweDsK+qDQgUVCBxXjpdQYSgHOALkSvJYvHoGk5ghbBGYRMi+VkLoAkwMDrozGdo6tIMy74b8adY8k8xR6L0WBGsIQNXmLp79D2gqiV2YjJbOoqfqjTkEfcmNh4zO0Gh1Sw3QrlQKN2EoRklimEGjL6s67LatNnkP4ClETD2RVvDc1ROhR9Pi1TUb9H/+i18nLybHsje9bfS41U08VErECE+itSgTakcMKJEFtsa5RANOiI3d7ebZcrmCxXA8Gg0EvqM0W7RM55rBZsJMVGu8SiIcBQGUEJmAxM8YF3wEAAP//AQAA//9Un8+EjgMAAA==",
              "userdata.encoding": "gzip+base64"
            },
            "guestos": "ubuntu-64",
            "host_ovf": null,
            "id": "169",
            "ip_address": "192.168.2.100",
            "memsize": "4096",
            "network_interfaces": [
              {
                "mac_address": "",
                "nic_type": "vmxnet3",
                "virtual_network": "CORP"
              }
            ],
            "notes": "",
            "numvcpus": "2",
            "ovf_properties": [],
            "ovf_properties_timer": 0,
            "ovf_source": "U18MiniT-no-ci-net.ova",
            "power": "on",
            "resource_pool_name": "/",
            "virthwver": "13",
            "virtual_disks": []
          },
          "sensitive_attributes": [],
          "private": "bnVsbA=="
        },
        {
          "index_key": 2,
          "schema_version": 0,
          "attributes": {
            "boot_disk_size": null,
            "boot_disk_type": "thin",
            "clone_from_vm": null,
            "disk_store": "internal_hdd",
            "guest_name": "c1w3",
            "guest_shutdown_timeout": 30,
            "guest_startup_timeout": 45,
            "guestinfo": {
              "metadata": "H4sIAAAAAAAA/zTMPQrDMBQD4N2n0FzI0J/JtzEvApsmcvF7NPT2pdTZpE+gJo8i49LWDLse97R1K9tSu4fKzoliHH08cwLeHN66Mm4JYFQOMfy3AGo2E7CXsHoW4H9G+WXSWu31yPjQ0xcAAP//AQAA//86f7yUhQAAAA==",
              "metadata.encoding": "gzip+base64",
              "userdata": "H4sIAAAAAAAA/5RST2/bPgy9+1MQyaG/P3AcN02TGigw91/QIkuGNl2wYmghS7StRpZcUWqWfPrB9tb1sMPmiynxkXzvUX2ujBchNzqXReAJLSUBQAgCc+aVa2PNKkxgY/c7CgAAaisrZndPhTW+fp8gKkPmXWms3KMIN7hruzVf2CZRHI7H8QmkaZqejxZ7dh6rh4vreLG6HDd31/OX6X613vCLa15Ez+denhyf3bsru37OZ5NZxRdH00P94odf6AY2W5ahpY38UHhmBdPoBhrd3w28Ws9mJ/srnZHZmdHnxcPDsv7/5qMyt982k2XJ78W4mOaHR9x44MwKbZLhcHgcx5NRPBlPO9lemATS+fz0n3Q+/xcWy0/p3d36Iknn8xbQGkVJC+wqSlQqgSiTOsoYlYH1mleis55QQCjhgKLHwX8+nlZSSxdFBxCh41FpyFGLa6JmNdwpIHThzzPweDsK+qDQgUVCBxXjpdQYSgHOALkSvJYvHoGk5ghbBGYRMi+VkLoAkwMDrozGdo6tIMy74b8adY8k8xR6L0WBGsIQNXmLp79D2gqiV2YjJbOoqfqjTkEfcmNh4zO0Gh1Sw3QrlQKN2EoRklimEGjL6s67LatNnkP4ClETD2RVvDc1ROhR9Pi1TUb9H/+i18nLybHsje9bfS41U08VErECE+itSgTakcMKJEFtsa5RANOiI3d7ebZcrmCxXA8Gg0EvqM0W7RM55rBZsJMVGu8SiIcBQGUEJmAxM8YF3wEAAP//AQAA//9vTvUTjgMAAA==",
              "userdata.encoding": "gzip+base64"
            },
            "guestos": "ubuntu-64",
            "host_ovf": null,
            "id": "166",
            "ip_address": "192.168.2.67",
            "memsize": "4096",
            "network_interfaces": [
              {
                "mac_address": "",
                "nic_type": "vmxnet3",
                "virtual_network": "CORP"
              }
            ],
            "notes": "",
            "numvcpus": "2",
            "ovf_properties": [],
            "ovf_properties_timer": 0,
            "ovf_source": "U18MiniT-no-ci-net.ova",
            "power": "on",
            "resource_pool_name": "/",
            "virthwver": "13",
            "virtual_disks": []
          },
          "sensitive_attributes": [],
          "private": "bnVsbA=="
        }
      ]
    }
  ]
}
